{
  "lockfileVersion": 1,
  "configVersion": 1,
  "workspaces": {
    "": {
      "name": "cortex-tui-parity-reference",
      "dependencies": {
        "@xterm/headless": "^5.5.0",
        "get-east-asian-width": "^1.3.0",
        "marked": "^15.0.12",
      },
    },
  },
  "packages": {
    "@xterm/headless": ["@xterm/headless@5.5.0", "", {}, "sha512-5xXB7kdQlFBP82ViMJTwwEc3gKCLGKR/eoxQm4zge7GPBl86tCdI0IdPJjoKd8mUSFXz5V7i/25sfsEkP4j46g=="],

    "get-east-asian-width": ["get-east-asian-width@1.6.0", "", {}, "sha512-QRbvDIbx6YklUe6RxeTeleMR0yv3cYH6PsPZHcnVn7xv7zO1BHN8r0XETu8n6Ye3Q+ahtSarc3WgtNWmehIBfA=="],

    "marked": ["marked@15.0.12", "", { "bin": { "marked": "bin/marked.js" } }, "sha512-8dD6FusOQSrpv9Z1rdNMdlSgQOIP880DHqnohobOmYLElGEqAL/JvxvuxZO16r4HtjTlfPRDC1hbvxC9dPN2nA=="],
  }
}
